
Microsoft Visual Studio Solution File, Format Version 12.00
# Visual Studio Version 16
VisualStudioVersion = 16.0.30011.22
MinimumVisualStudioVersion = 10.0.40219.1
Project("{9A19103F-16F7-4668-BE54-9A1E7A4F7556}") = "Exemplo.Identidade.API", "src\Services\Exemplo.Identidade.API\Exemplo.Identidade.API.csproj", "{49065883-7233-4988-8C53-D577CBE25C0C}"
EndProject
Project("{2150E333-8FDC-42A3-9474-1A3956D46DE8}") = "src", "src", "{48694ECD-4FFF-48FE-880E-B1CA5FC00B0F}"
EndProject
Project("{2150E333-8FDC-42A3-9474-1A3956D46DE8}") = "Services", "Services", "{2B0CC11E-98FD-42EB-A4A9-57449E106A25}"
EndProject
Project("{2150E333-8FDC-42A3-9474-1A3956D46DE8}") = "Identidade", "Identidade", "{DD71C0FB-FD4E-409A-893B-1F7F957FF533}"
EndProject
Project("{2150E333-8FDC-42A3-9474-1A3956D46DE8}") = "Tests", "Tests", "{D9270F34-DA9C-4F4E-AE3D-0DCAF65E9260}"
EndProject
Project("{2150E333-8FDC-42A3-9474-1A3956D46DE8}") = "Integration", "Integration", "{F3CB4ECC-D817-4748-A14E-9C1FB5AB8701}"
EndProject
Project("{9A19103F-16F7-4668-BE54-9A1E7A4F7556}") = "Exemplo.Identidade.API.Tests", "tests\Exemplo.Identidade.API.Tests\Exemplo.Identidade.API.Tests.csproj", "{1C34E7D3-20E0-4FBC-968E-41906C6D987F}"
EndProject
Project("{2150E333-8FDC-42A3-9474-1A3956D46DE8}") = "Cliente", "Cliente", "{F58D3137-7A9F-4AD9-8D1E-77B9178EB800}"
EndProject
Project("{FAE04EC0-301F-11D3-BF4B-00C04F79EFBC}") = "Exemplo.Clientes.API", "src\Services\Exemplo.Clientes.API\Exemplo.Clientes.API.csproj", "{24AC8F07-E9B6-4CB8-8FCA-8B268CC56DDE}"
EndProject
Project("{2150E333-8FDC-42A3-9474-1A3956D46DE8}") = "ApiGateways", "ApiGateways", "{F3D44C68-BF04-436A-A0CD-A2D77890FA1D}"
EndProject
Project("{2150E333-8FDC-42A3-9474-1A3956D46DE8}") = "ApiGw-Base", "ApiGw-Base", "{06FA6029-9E38-444F-A69F-BDF55E407D31}"
EndProject
Project("{FAE04EC0-301F-11D3-BF4B-00C04F79EFBC}") = "OcelotApiGw", "src\ApiGateways\OcelotApiGw\OcelotApiGw.csproj", "{878042DC-544C-40D2-85DD-1A5555E30C39}"
EndProject
Global
	GlobalSection(SolutionConfigurationPlatforms) = preSolution
		Debug|Any CPU = Debug|Any CPU
		Release|Any CPU = Release|Any CPU
	EndGlobalSection
	GlobalSection(ProjectConfigurationPlatforms) = postSolution
		{49065883-7233-4988-8C53-D577CBE25C0C}.Debug|Any CPU.ActiveCfg = Debug|Any CPU
		{49065883-7233-4988-8C53-D577CBE25C0C}.Debug|Any CPU.Build.0 = Debug|Any CPU
		{49065883-7233-4988-8C53-D577CBE25C0C}.Release|Any CPU.ActiveCfg = Release|Any CPU
		{49065883-7233-4988-8C53-D577CBE25C0C}.Release|Any CPU.Build.0 = Release|Any CPU
		{1C34E7D3-20E0-4FBC-968E-41906C6D987F}.Debug|Any CPU.ActiveCfg = Debug|Any CPU
		{1C34E7D3-20E0-4FBC-968E-41906C6D987F}.Debug|Any CPU.Build.0 = Debug|Any CPU
		{1C34E7D3-20E0-4FBC-968E-41906C6D987F}.Release|Any CPU.ActiveCfg = Release|Any CPU
		{1C34E7D3-20E0-4FBC-968E-41906C6D987F}.Release|Any CPU.Build.0 = Release|Any CPU
		{24AC8F07-E9B6-4CB8-8FCA-8B268CC56DDE}.Debug|Any CPU.ActiveCfg = Debug|Any CPU
		{24AC8F07-E9B6-4CB8-8FCA-8B268CC56DDE}.Debug|Any CPU.Build.0 = Debug|Any CPU
		{24AC8F07-E9B6-4CB8-8FCA-8B268CC56DDE}.Release|Any CPU.ActiveCfg = Release|Any CPU
		{24AC8F07-E9B6-4CB8-8FCA-8B268CC56DDE}.Release|Any CPU.Build.0 = Release|Any CPU
		{878042DC-544C-40D2-85DD-1A5555E30C39}.Debug|Any CPU.ActiveCfg = Debug|Any CPU
		{878042DC-544C-40D2-85DD-1A5555E30C39}.Debug|Any CPU.Build.0 = Debug|Any CPU
		{878042DC-544C-40D2-85DD-1A5555E30C39}.Release|Any CPU.ActiveCfg = Release|Any CPU
		{878042DC-544C-40D2-85DD-1A5555E30C39}.Release|Any CPU.Build.0 = Release|Any CPU
	EndGlobalSection
	GlobalSection(SolutionProperties) = preSolution
		HideSolutionNode = FALSE
	EndGlobalSection
	GlobalSection(NestedProjects) = preSolution
		{49065883-7233-4988-8C53-D577CBE25C0C} = {DD71C0FB-FD4E-409A-893B-1F7F957FF533}
		{2B0CC11E-98FD-42EB-A4A9-57449E106A25} = {48694ECD-4FFF-48FE-880E-B1CA5FC00B0F}
		{DD71C0FB-FD4E-409A-893B-1F7F957FF533} = {2B0CC11E-98FD-42EB-A4A9-57449E106A25}
		{F3CB4ECC-D817-4748-A14E-9C1FB5AB8701} = {D9270F34-DA9C-4F4E-AE3D-0DCAF65E9260}
		{1C34E7D3-20E0-4FBC-968E-41906C6D987F} = {F3CB4ECC-D817-4748-A14E-9C1FB5AB8701}
		{F58D3137-7A9F-4AD9-8D1E-77B9178EB800} = {2B0CC11E-98FD-42EB-A4A9-57449E106A25}
		{24AC8F07-E9B6-4CB8-8FCA-8B268CC56DDE} = {F58D3137-7A9F-4AD9-8D1E-77B9178EB800}
		{F3D44C68-BF04-436A-A0CD-A2D77890FA1D} = {48694ECD-4FFF-48FE-880E-B1CA5FC00B0F}
		{06FA6029-9E38-444F-A69F-BDF55E407D31} = {F3D44C68-BF04-436A-A0CD-A2D77890FA1D}
		{878042DC-544C-40D2-85DD-1A5555E30C39} = {06FA6029-9E38-444F-A69F-BDF55E407D31}
	EndGlobalSection
	GlobalSection(ExtensibilityGlobals) = postSolution
		SolutionGuid = {C96F4EBE-8747-4515-BCE1-6D5C4BE2DEFF}
	EndGlobalSection
EndGlobal
